// !$*UTF8*$!
{
	archiveVersion = 1;
	classes = {
	};
	objectVersion = 56;
	objects = {

/* Begin PBXBuildFile section */
		BF12E28E2B4CEA7D0003D7A5 /* blank.mp3 in Resources */ = {isa = PBXBuildFile; fileRef = BF12E28D2B4CEA7D0003D7A5 /* blank.mp3 */; };
		BF227C442ABC9EA70045894E /* DisplayModes.swift in Sources */ = {isa = PBXBuildFile; fileRef = BF227C432ABC9EA70045894E /* DisplayModes.swift */; };
		BF6552B32AA9B75E0069F4D5 /* AppDelegate.swift in Sources */ = {isa = PBXBuildFile; fileRef = BF6552B22AA9B75E0069F4D5 /* AppDelegate.swift */; };
		BF6552B52AA9B75E0069F4D5 /* SceneDelegate.swift in Sources */ = {isa = PBXBuildFile; fileRef = BF6552B42AA9B75E0069F4D5 /* SceneDelegate.swift */; };
		BF6552B72AA9B75E0069F4D5 /* RootViewController.swift in Sources */ = {isa = PBXBuildFile; fileRef = BF6552B62AA9B75E0069F4D5 /* RootViewController.swift */; };
		BF6552BC2AA9B75F0069F4D5 /* Assets.xcassets in Resources */ = {isa = PBXBuildFile; fileRef = BF6552BB2AA9B75F0069F4D5 /* Assets.xcassets */; };
		BFAC68852AB0124D0012910C /* UIColor+Extensions.swift in Sources */ = {isa = PBXBuildFile; fileRef = BFAC68842AB0124D0012910C /* UIColor+Extensions.swift */; };
		BFAC68872AB01FF00012910C /* BookContentListView.swift in Sources */ = {isa = PBXBuildFile; fileRef = BFAC68862AB01FF00012910C /* BookContentListView.swift */; };
		BFBC5E5D2CAE93EC00E7E4FC /* Models.swift in Sources */ = {isa = PBXBuildFile; fileRef = BFBC5E5C2CAE93EC00E7E4FC /* Models.swift */; };
		BFBC5E612CAE951800E7E4FC /* FileManager+Extensions.swift in Sources */ = {isa = PBXBuildFile; fileRef = BFBC5E602CAE951800E7E4FC /* FileManager+Extensions.swift */; };
		BFC3E7132ABC1877007C4BA3 /* AudioHandler.swift in Sources */ = {isa = PBXBuildFile; fileRef = BFC3E7122ABC1877007C4BA3 /* AudioHandler.swift */; };
		BFC3E7152ABC19E3007C4BA3 /* PageViewController.swift in Sources */ = {isa = PBXBuildFile; fileRef = BFC3E7142ABC19E3007C4BA3 /* PageViewController.swift */; };
		BFCF73062ABAD84500760A4A /* String+Extensions.swift in Sources */ = {isa = PBXBuildFile; fileRef = BFCF73052ABAD84500760A4A /* String+Extensions.swift */; };
		BFCF73082ABADA9800760A4A /* TableViewCell.swift in Sources */ = {isa = PBXBuildFile; fileRef = BFCF73072ABADA9700760A4A /* TableViewCell.swift */; };
		BFCF730D2ABAE19200760A4A /* XMLParsing.swift in Sources */ = {isa = PBXBuildFile; fileRef = BFCF730C2ABAE19200760A4A /* XMLParsing.swift */; };
		BFCF73102ABAED2B00760A4A /* ReadingViewController.swift in Sources */ = {isa = PBXBuildFile; fileRef = BFCF730F2ABAED2B00760A4A /* ReadingViewController.swift */; };
		BFD723272B4C476800914146 /* SentenceView.swift in Sources */ = {isa = PBXBuildFile; fileRef = BFD723262B4C476800914146 /* SentenceView.swift */; };
		BFE286D82B35475A004E2CE4 /* PinyinTextView.swift in Sources */ = {isa = PBXBuildFile; fileRef = BFE286D72B35475A004E2CE4 /* PinyinTextView.swift */; };
		BFEA4DB32AA9BB7B00E2246D /* Assets_Root in Resources */ = {isa = PBXBuildFile; fileRef = BFEA4DB22AA9BB7B00E2246D /* Assets_Root */; };
		BFEA4DB52AA9BBA000E2246D /* Utils.swift in Sources */ = {isa = PBXBuildFile; fileRef = BFEA4DB42AA9BBA000E2246D /* Utils.swift */; };
/* End PBXBuildFile section */

/* Begin PBXFileReference section */
		BF12E28D2B4CEA7D0003D7A5 /* blank.mp3 */ = {isa = PBXFileReference; lastKnownFileType = audio.mp3; path = blank.mp3; sourceTree = "<group>"; };
		BF227C432ABC9EA70045894E /* DisplayModes.swift */ = {isa = PBXFileReference; lastKnownFileType = sourcecode.swift; path = DisplayModes.swift; sourceTree = "<group>"; };
		BF6552AF2AA9B75E0069F4D5 /* WE_Study_App_03.app */ = {isa = PBXFileReference; explicitFileType = wrapper.application; includeInIndex = 0; path = WE_Study_App_03.app; sourceTree = BUILT_PRODUCTS_DIR; };
		BF6552B22AA9B75E0069F4D5 /* AppDelegate.swift */ = {isa = PBXFileReference; lastKnownFileType = sourcecode.swift; path = AppDelegate.swift; sourceTree = "<group>"; };
		BF6552B42AA9B75E0069F4D5 /* SceneDelegate.swift */ = {isa = PBXFileReference; lastKnownFileType = sourcecode.swift; path = SceneDelegate.swift; sourceTree = "<group>"; };
		BF6552B62AA9B75E0069F4D5 /* RootViewController.swift */ = {isa = PBXFileReference; lastKnownFileType = sourcecode.swift; path = RootViewController.swift; sourceTree = "<group>"; };
		BF6552BB2AA9B75F0069F4D5 /* Assets.xcassets */ = {isa = PBXFileReference; lastKnownFileType = folder.assetcatalog; path = Assets.xcassets; sourceTree = "<group>"; };
		BF6552C02AA9B75F0069F4D5 /* Info.plist */ = {isa = PBXFileReference; lastKnownFileType = text.plist.xml; path = Info.plist; sourceTree = "<group>"; };
		BFAC68842AB0124D0012910C /* UIColor+Extensions.swift */ = {isa = PBXFileReference; lastKnownFileType = sourcecode.swift; path = "UIColor+Extensions.swift"; sourceTree = "<group>"; };
		BFAC68862AB01FF00012910C /* BookContentListView.swift */ = {isa = PBXFileReference; lastKnownFileType = sourcecode.swift; path = BookContentListView.swift; sourceTree = "<group>"; };
		BFBC5E5C2CAE93EC00E7E4FC /* Models.swift */ = {isa = PBXFileReference; lastKnownFileType = sourcecode.swift; path = Models.swift; sourceTree = "<group>"; };
		BFBC5E602CAE951800E7E4FC /* FileManager+Extensions.swift */ = {isa = PBXFileReference; lastKnownFileType = sourcecode.swift; path = "FileManager+Extensions.swift"; sourceTree = "<group>"; };
		BFC3E7122ABC1877007C4BA3 /* AudioHandler.swift */ = {isa = PBXFileReference; lastKnownFileType = sourcecode.swift; path = AudioHandler.swift; sourceTree = "<group>"; };
		BFC3E7142ABC19E3007C4BA3 /* PageViewController.swift */ = {isa = PBXFileReference; lastKnownFileType = sourcecode.swift; path = PageViewController.swift; sourceTree = "<group>"; };
		BFCF73052ABAD84500760A4A /* String+Extensions.swift */ = {isa = PBXFileReference; lastKnownFileType = sourcecode.swift; path = "String+Extensions.swift"; sourceTree = "<group>"; };
		BFCF73072ABADA9700760A4A /* TableViewCell.swift */ = {isa = PBXFileReference; lastKnownFileType = sourcecode.swift; path = TableViewCell.swift; sourceTree = "<group>"; };
		BFCF730C2ABAE19200760A4A /* XMLParsing.swift */ = {isa = PBXFileReference; lastKnownFileType = sourcecode.swift; path = XMLParsing.swift; sourceTree = "<group>"; };
		BFCF730F2ABAED2B00760A4A /* ReadingViewController.swift */ = {isa = PBXFileReference; lastKnownFileType = sourcecode.swift; path = ReadingViewController.swift; sourceTree = "<group>"; };
		BFD723262B4C476800914146 /* SentenceView.swift */ = {isa = PBXFileReference; lastKnownFileType = sourcecode.swift; path = SentenceView.swift; sourceTree = "<group>"; };
		BFE286D72B35475A004E2CE4 /* PinyinTextView.swift */ = {isa = PBXFileReference; lastKnownFileType = sourcecode.swift; path = PinyinTextView.swift; sourceTree = "<group>"; };
		BFEA4DB22AA9BB7B00E2246D /* Assets_Root */ = {isa = PBXFileReference; lastKnownFileType = folder; path = Assets_Root; sourceTree = "<group>"; };
		BFEA4DB42AA9BBA000E2246D /* Utils.swift */ = {isa = PBXFileReference; lastKnownFileType = sourcecode.swift; path = Utils.swift; sourceTree = "<group>"; };
/* End PBXFileReference section */

/* Begin PBXFrameworksBuildPhase section */
		BF6552AC2AA9B75E0069F4D5 /* Frameworks */ = {
			isa = PBXFrameworksBuildPhase;
			buildActionMask = 2147483647;
			files = (
			);
			runOnlyForDeploymentPostprocessing = 0;
		};
/* End PBXFrameworksBuildPhase section */

/* Begin PBXGroup section */
		BF227C422ABC9E910045894E /* Enums */ = {
			isa = PBXGroup;
			children = (
				BF227C432ABC9EA70045894E /* DisplayModes.swift */,
			);
			path = Enums;
			sourceTree = "<group>";
		};
		BF6552A62AA9B75E0069F4D5 = {
			isa = PBXGroup;
			children = (
				BF12E28D2B4CEA7D0003D7A5 /* blank.mp3 */,
				BFEA4DB22AA9BB7B00E2246D /* Assets_Root */,
				BF6552B12AA9B75E0069F4D5 /* WE_Study_App_03 */,
				BF6552B02AA9B75E0069F4D5 /* Products */,
			);
			sourceTree = "<group>";
		};
		BF6552B02AA9B75E0069F4D5 /* Products */ = {
			isa = PBXGroup;
			children = (
				BF6552AF2AA9B75E0069F4D5 /* WE_Study_App_03.app */,
			);
			name = Products;
			sourceTree = "<group>";
		};
		BF6552B12AA9B75E0069F4D5 /* WE_Study_App_03 */ = {
			isa = PBXGroup;
			children = (
				BF6552B22AA9B75E0069F4D5 /* AppDelegate.swift */,
				BF6552B42AA9B75E0069F4D5 /* SceneDelegate.swift */,
				BFCF73092ABAE14700760A4A /* RootViewController */,
				BFAC68832AB0123D0012910C /* Extensions */,
				BFBC5E5A2CAE938800E7E4FC /* Models */,
				BF227C422ABC9E910045894E /* Enums */,
				BFCF730B2ABAE17C00760A4A /* Utils */,
				BF74C3632C81929E00AA9CC9 /* Experimental */,
				BF6552BB2AA9B75F0069F4D5 /* Assets.xcassets */,
				BF6552C02AA9B75F0069F4D5 /* Info.plist */,
			);
			path = WE_Study_App_03;
			sourceTree = "<group>";
		};
		BF74C3632C81929E00AA9CC9 /* Experimental */ = {
			isa = PBXGroup;
			children = (
				BFE286D72B35475A004E2CE4 /* PinyinTextView.swift */,
			);
			path = Experimental;
			sourceTree = "<group>";
		};
		BFAC68832AB0123D0012910C /* Extensions */ = {
			isa = PBXGroup;
			children = (
				BFAC68842AB0124D0012910C /* UIColor+Extensions.swift */,
				BFCF73052ABAD84500760A4A /* String+Extensions.swift */,
				BFBC5E602CAE951800E7E4FC /* FileManager+Extensions.swift */,
			);
			path = Extensions;
			sourceTree = "<group>";
		};
		BFBC5E5A2CAE938800E7E4FC /* Models */ = {
			isa = PBXGroup;
			children = (
				BFBC5E5C2CAE93EC00E7E4FC /* Models.swift */,
			);
			path = Models;
			sourceTree = "<group>";
		};
		BFCF73092ABAE14700760A4A /* RootViewController */ = {
			isa = PBXGroup;
			children = (
				BF6552B62AA9B75E0069F4D5 /* RootViewController.swift */,
				BFCF730A2ABAE16100760A4A /* BookContentList */,
			);
			path = RootViewController;
			sourceTree = "<group>";
		};
		BFCF730A2ABAE16100760A4A /* BookContentList */ = {
			isa = PBXGroup;
			children = (
				BFCF73072ABADA9700760A4A /* TableViewCell.swift */,
				BFAC68862AB01FF00012910C /* BookContentListView.swift */,
				BFCF730E2ABAED2000760A4A /* PageView */,
			);
			path = BookContentList;
			sourceTree = "<group>";
		};
		BFCF730B2ABAE17C00760A4A /* Utils */ = {
			isa = PBXGroup;
			children = (
				BFEA4DB42AA9BBA000E2246D /* Utils.swift */,
				BFCF730C2ABAE19200760A4A /* XMLParsing.swift */,
				BFC3E7122ABC1877007C4BA3 /* AudioHandler.swift */,
			);
			path = Utils;
			sourceTree = "<group>";
		};
		BFCF730E2ABAED2000760A4A /* PageView */ = {
			isa = PBXGroup;
			children = (
				BFCF730F2ABAED2B00760A4A /* ReadingViewController.swift */,
				BFC3E7142ABC19E3007C4BA3 /* PageViewController.swift */,
				BFD723262B4C476800914146 /* SentenceView.swift */,
			);
			path = PageView;
			sourceTree = "<group>";
		};
/* End PBXGroup section */

/* Begin PBXNativeTarget section */
		BF6552AE2AA9B75E0069F4D5 /* WE_Study_App_03 */ = {
			isa = PBXNativeTarget;
			buildConfigurationList = BF6552C32AA9B75F0069F4D5 /* Build configuration list for PBXNativeTarget "WE_Study_App_03" */;
			buildPhases = (
				BF6552AB2AA9B75E0069F4D5 /* Sources */,
				BF6552AC2AA9B75E0069F4D5 /* Frameworks */,
				BF6552AD2AA9B75E0069F4D5 /* Resources */,
			);
			buildRules = (
			);
			dependencies = (
			);
			name = WE_Study_App_03;
			productName = WE_Study_App_03;
			productReference = BF6552AF2AA9B75E0069F4D5 /* WE_Study_App_03.app */;
			productType = "com.apple.product-type.application";
		};
/* End PBXNativeTarget section */

/* Begin PBXProject section */
		BF6552A72AA9B75E0069F4D5 /* Project object */ = {
			isa = PBXProject;
			attributes = {
				BuildIndependentTargetsInParallel = 1;
				LastSwiftUpdateCheck = 1430;
				LastUpgradeCheck = 1430;
				TargetAttributes = {
					BF6552AE2AA9B75E0069F4D5 = {
						CreatedOnToolsVersion = 14.3.1;
					};
				};
			};
			buildConfigurationList = BF6552AA2AA9B75E0069F4D5 /* Build configuration list for PBXProject "WE_Study_App_03" */;
			compatibilityVersion = "Xcode 14.0";
			developmentRegion = en;
			hasScannedForEncodings = 0;
			knownRegions = (
				en,
				Base,
			);
			mainGroup = BF6552A62AA9B75E0069F4D5;
			productRefGroup = BF6552B02AA9B75E0069F4D5 /* Products */;
			projectDirPath = "";
			projectRoot = "";
			targets = (
				BF6552AE2AA9B75E0069F4D5 /* WE_Study_App_03 */,
			);
		};
/* End PBXProject section */

/* Begin PBXResourcesBuildPhase section */
		BF6552AD2AA9B75E0069F4D5 /* Resources */ = {
			isa = PBXResourcesBuildPhase;
			buildActionMask = 2147483647;
			files = (
				BF6552BC2AA9B75F0069F4D5 /* Assets.xcassets in Resources */,
				BFEA4DB32AA9BB7B00E2246D /* Assets_Root in Resources */,
				BF12E28E2B4CEA7D0003D7A5 /* blank.mp3 in Resources */,
			);
			runOnlyForDeploymentPostprocessing = 0;
		};
/* End PBXResourcesBuildPhase section */

/* Begin PBXSourcesBuildPhase section */
		BF6552AB2AA9B75E0069F4D5 /* Sources */ = {
			isa = PBXSourcesBuildPhase;
			buildActionMask = 2147483647;
			files = (
				BFBC5E5D2CAE93EC00E7E4FC /* Models.swift in Sources */,
				BF6552B72AA9B75E0069F4D5 /* RootViewController.swift in Sources */,
				BFCF73082ABADA9800760A4A /* TableViewCell.swift in Sources */,
				BFCF73062ABAD84500760A4A /* String+Extensions.swift in Sources */,
				BFC3E7152ABC19E3007C4BA3 /* PageViewController.swift in Sources */,
				BFE286D82B35475A004E2CE4 /* PinyinTextView.swift in Sources */,
				BFC3E7132ABC1877007C4BA3 /* AudioHandler.swift in Sources */,
				BFAC68852AB0124D0012910C /* UIColor+Extensions.swift in Sources */,
				BF6552B32AA9B75E0069F4D5 /* AppDelegate.swift in Sources */,
				BFCF73102ABAED2B00760A4A /* ReadingViewController.swift in Sources */,
				BFD723272B4C476800914146 /* SentenceView.swift in Sources */,
				BF6552B52AA9B75E0069F4D5 /* SceneDelegate.swift in Sources */,
				BFEA4DB52AA9BBA000E2246D /* Utils.swift in Sources */,
				BFAC68872AB01FF00012910C /* BookContentListView.swift in Sources */,
				BFBC5E612CAE951800E7E4FC /* FileManager+Extensions.swift in Sources */,
				BFCF730D2ABAE19200760A4A /* XMLParsing.swift in Sources */,
				BF227C442ABC9EA70045894E /* DisplayModes.swift in Sources */,
			);
			runOnlyForDeploymentPostprocessing = 0;
		};
/* End PBXSourcesBuildPhase section */

/* Begin XCBuildConfiguration section */
		BF6552C12AA9B75F0069F4D5 /* Debug */ = {
			isa = XCBuildConfiguration;
			buildSettings = {
				ALWAYS_SEARCH_USER_PATHS = NO;
				CLANG_ANALYZER_NONNULL = YES;
				CLANG_ANALYZER_NUMBER_OBJECT_CONVERSION = YES_AGGRESSIVE;
				CLANG_CXX_LANGUAGE_STANDARD = "gnu++20";
				CLANG_ENABLE_MODULES = YES;
				CLANG_ENABLE_OBJC_ARC = YES;
				CLANG_ENABLE_OBJC_WEAK = YES;
				CLANG_WARN_BLOCK_CAPTURE_AUTORELEASING = YES;
				CLANG_WARN_BOOL_CONVERSION = YES;
				CLANG_WARN_COMMA = YES;
				CLANG_WARN_CONSTANT_CONVERSION = YES;
				CLANG_WARN_DEPRECATED_OBJC_IMPLEMENTATIONS = YES;
				CLANG_WARN_DIRECT_OBJC_ISA_USAGE = YES_ERROR;
				CLANG_WARN_DOCUMENTATION_COMMENTS = YES;
				CLANG_WARN_EMPTY_BODY = YES;
				CLANG_WARN_ENUM_CONVERSION = YES;
				CLANG_WARN_INFINITE_RECURSION = YES;
				CLANG_WARN_INT_CONVERSION = YES;
				CLANG_WARN_NON_LITERAL_NULL_CONVERSION = YES;
				CLANG_WARN_OBJC_IMPLICIT_RETAIN_SELF = YES;
				CLANG_WARN_OBJC_LITERAL_CONVERSION = YES;
				CLANG_WARN_OBJC_ROOT_CLASS = YES_ERROR;
				CLANG_WARN_QUOTED_INCLUDE_IN_FRAMEWORK_HEADER = YES;
				CLANG_WARN_RANGE_LOOP_ANALYSIS = YES;
				CLANG_WARN_STRICT_PROTOTYPES = YES;
				CLANG_WARN_SUSPICIOUS_MOVE = YES;
				CLANG_WARN_UNGUARDED_AVAILABILITY = YES_AGGRESSIVE;
				CLANG_WARN_UNREACHABLE_CODE = YES;
				CLANG_WARN__DUPLICATE_METHOD_MATCH = YES;
				COPY_PHASE_STRIP = NO;
				DEBUG_INFORMATION_FORMAT = dwarf;
				ENABLE_STRICT_OBJC_MSGSEND = YES;
				ENABLE_TESTABILITY = YES;
				GCC_C_LANGUAGE_STANDARD = gnu11;
				GCC_DYNAMIC_NO_PIC = NO;
				GCC_NO_COMMON_BLOCKS = YES;
				GCC_OPTIMIZATION_LEVEL = 0;
				GCC_PREPROCESSOR_DEFINITIONS = (
					"DEBUG=1",
					"$(inherited)",
				);
				GCC_WARN_64_TO_32_BIT_CONVERSION = YES;
				GCC_WARN_ABOUT_RETURN_TYPE = YES_ERROR;
				GCC_WARN_UNDECLARED_SELECTOR = YES;
				GCC_WARN_UNINITIALIZED_AUTOS = YES_AGGRESSIVE;
				GCC_WARN_UNUSED_FUNCTION = YES;
				GCC_WARN_UNUSED_VARIABLE = YES;
				IPHONEOS_DEPLOYMENT_TARGET = 15.0;
				MTL_ENABLE_DEBUG_INFO = INCLUDE_SOURCE;
				MTL_FAST_MATH = YES;
				ONLY_ACTIVE_ARCH = YES;
				SDKROOT = iphoneos;
				SWIFT_ACTIVE_COMPILATION_CONDITIONS = DEBUG;
				SWIFT_OPTIMIZATION_LEVEL = "-Onone";
			};
			name = Debug;
		};
		BF6552C22AA9B75F0069F4D5 /* Release */ = {
			isa = XCBuildConfiguration;
			buildSettings = {
				ALWAYS_SEARCH_USER_PATHS = NO;
				CLANG_ANALYZER_NONNULL = YES;
				CLANG_ANALYZER_NUMBER_OBJECT_CONVERSION = YES_AGGRESSIVE;
				CLANG_CXX_LANGUAGE_STANDARD = "gnu++20";
				CLANG_ENABLE_MODULES = YES;
				CLANG_ENABLE_OBJC_ARC = YES;
				CLANG_ENABLE_OBJC_WEAK = YES;
				CLANG_WARN_BLOCK_CAPTURE_AUTORELEASING = YES;
				CLANG_WARN_BOOL_CONVERSION = YES;
				CLANG_WARN_COMMA = YES;
				CLANG_WARN_CONSTANT_CONVERSION = YES;
				CLANG_WARN_DEPRECATED_OBJC_IMPLEMENTATIONS = YES;
				CLANG_WARN_DIRECT_OBJC_ISA_USAGE = YES_ERROR;
				CLANG_WARN_DOCUMENTATION_COMMENTS = YES;
				CLANG_WARN_EMPTY_BODY = YES;
				CLANG_WARN_ENUM_CONVERSION = YES;
				CLANG_WARN_INFINITE_RECURSION = YES;
				CLANG_WARN_INT_CONVERSION = YES;
				CLANG_WARN_NON_LITERAL_NULL_CONVERSION = YES;
				CLANG_WARN_OBJC_IMPLICIT_RETAIN_SELF = YES;
				CLANG_WARN_OBJC_LITERAL_CONVERSION = YES;
				CLANG_WARN_OBJC_ROOT_CLASS = YES_ERROR;
				CLANG_WARN_QUOTED_INCLUDE_IN_FRAMEWORK_HEADER = YES;
				CLANG_WARN_RANGE_LOOP_ANALYSIS = YES;
				CLANG_WARN_STRICT_PROTOTYPES = YES;
				CLANG_WARN_SUSPICIOUS_MOVE = YES;
				CLANG_WARN_UNGUARDED_AVAILABILITY = YES_AGGRESSIVE;
				CLANG_WARN_UNREACHABLE_CODE = YES;
				CLANG_WARN__DUPLICATE_METHOD_MATCH = YES;
				COPY_PHASE_STRIP = NO;
				DEBUG_INFORMATION_FORMAT = "dwarf-with-dsym";
				ENABLE_NS_ASSERTIONS = NO;
				ENABLE_STRICT_OBJC_MSGSEND = YES;
				GCC_C_LANGUAGE_STANDARD = gnu11;
				GCC_NO_COMMON_BLOCKS = YES;
				GCC_WARN_64_TO_32_BIT_CONVERSION = YES;
				GCC_WARN_ABOUT_RETURN_TYPE = YES_ERROR;
				GCC_WARN_UNDECLARED_SELECTOR = YES;
				GCC_WARN_UNINITIALIZED_AUTOS = YES_AGGRESSIVE;
				GCC_WARN_UNUSED_FUNCTION = YES;
				GCC_WARN_UNUSED_VARIABLE = YES;
				IPHONEOS_DEPLOYMENT_TARGET = 15.0;
				MTL_ENABLE_DEBUG_INFO = NO;
				MTL_FAST_MATH = YES;
				SDKROOT = iphoneos;
				SWIFT_COMPILATION_MODE = wholemodule;
				SWIFT_OPTIMIZATION_LEVEL = "-O";
				VALIDATE_PRODUCT = YES;
			};
			name = Release;
		};
		BF6552C42AA9B75F0069F4D5 /* Debug */ = {
			isa = XCBuildConfiguration;
			buildSettings = {
				ASSETCATALOG_COMPILER_APPICON_NAME = AppIcon;
				ASSETCATALOG_COMPILER_GLOBAL_ACCENT_COLOR_NAME = AccentColor;
				CODE_SIGN_STYLE = Automatic;
				CURRENT_PROJECT_VERSION = 1;
				DEVELOPMENT_TEAM = 9MDKSQKGLS;
				GENERATE_INFOPLIST_FILE = YES;
				INFOPLIST_FILE = WE_Study_App_03/Info.plist;
				INFOPLIST_KEY_UIApplicationSupportsIndirectInputEvents = YES;
				INFOPLIST_KEY_UILaunchStoryboardName = LaunchScreen;
				INFOPLIST_KEY_UISupportedInterfaceOrientations_iPad = "UIInterfaceOrientationPortrait UIInterfaceOrientationPortraitUpsideDown UIInterfaceOrientationLandscapeLeft UIInterfaceOrientationLandscapeRight";
				INFOPLIST_KEY_UISupportedInterfaceOrientations_iPhone = "UIInterfaceOrientationPortrait UIInterfaceOrientationLandscapeLeft UIInterfaceOrientationLandscapeRight";
				IPHONEOS_DEPLOYMENT_TARGET = 15.0;
				LD_RUNPATH_SEARCH_PATHS = (
					"$(inherited)",
					"@executable_path/Frameworks",
				);
				MARKETING_VERSION = 1.0;
				PRODUCT_BUNDLE_IDENTIFIER = "com.qq.923460085.WE-Study-App-03";
				PRODUCT_NAME = "$(TARGET_NAME)";
				SWIFT_EMIT_LOC_STRINGS = YES;
				SWIFT_VERSION = 5.0;
				TARGETED_DEVICE_FAMILY = "1,2";
			};
			name = Debug;
		};
		BF6552C52AA9B75F0069F4D5 /* Release */ = {
			isa = XCBuildConfiguration;
			buildSettings = {
				ASSETCATALOG_COMPILER_APPICON_NAME = AppIcon;
				ASSETCATALOG_COMPILER_GLOBAL_ACCENT_COLOR_NAME = AccentColor;
				CODE_SIGN_STYLE = Automatic;
				CURRENT_PROJECT_VERSION = 1;
				DEVELOPMENT_TEAM = 9MDKSQKGLS;
				GENERATE_INFOPLIST_FILE = YES;
				INFOPLIST_FILE = WE_Study_App_03/Info.plist;
				INFOPLIST_KEY_UIApplicationSupportsIndirectInputEvents = YES;
				INFOPLIST_KEY_UILaunchStoryboardName = LaunchScreen;
				INFOPLIST_KEY_UISupportedInterfaceOrientations_iPad = "UIInterfaceOrientationPortrait UIInterfaceOrientationPortraitUpsideDown UIInterfaceOrientationLandscapeLeft UIInterfaceOrientationLandscapeRight";
				INFOPLIST_KEY_UISupportedInterfaceOrientations_iPhone = "UIInterfaceOrientationPortrait UIInterfaceOrientationLandscapeLeft UIInterfaceOrientationLandscapeRight";
				IPHONEOS_DEPLOYMENT_TARGET = 15.0;
				LD_RUNPATH_SEARCH_PATHS = (
					"$(inherited)",
					"@executable_path/Frameworks",
				);
				MARKETING_VERSION = 1.0;
				PRODUCT_BUNDLE_IDENTIFIER = "com.qq.923460085.WE-Study-App-03";
				PRODUCT_NAME = "$(TARGET_NAME)";
				SWIFT_EMIT_LOC_STRINGS = YES;
				SWIFT_VERSION = 5.0;
				TARGETED_DEVICE_FAMILY = "1,2";
			};
			name = Release;
		};
/* End XCBuildConfiguration section */

/* Begin XCConfigurationList section */
		BF6552AA2AA9B75E0069F4D5 /* Build configuration list for PBXProject "WE_Study_App_03" */ = {
			isa = XCConfigurationList;
			buildConfigurations = (
				BF6552C12AA9B75F0069F4D5 /* Debug */,
				BF6552C22AA9B75F0069F4D5 /* Release */,
			);
			defaultConfigurationIsVisible = 0;
			defaultConfigurationName = Release;
		};
		BF6552C32AA9B75F0069F4D5 /* Build configuration list for PBXNativeTarget "WE_Study_App_03" */ = {
			isa = XCConfigurationList;
			buildConfigurations = (
				BF6552C42AA9B75F0069F4D5 /* Debug */,
				BF6552C52AA9B75F0069F4D5 /* Release */,
			);
			defaultConfigurationIsVisible = 0;
			defaultConfigurationName = Release;
		};
/* End XCConfigurationList section */
	};
	rootObject = BF6552A72AA9B75E0069F4D5 /* Project object */;
}
